
Microsoft Visual Studio Solution File, Format Version 12.00
# Visual Studio 15
VisualStudioVersion = 15.0.27130.2027
MinimumVisualStudioVersion = 10.0.40219.1
Project("{9A19103F-16F7-4668-BE54-9A1E7A4F7556}") = "API", "API\API.csproj", "{7DB03171-6F3F-4473-B048-59B131659231}"
EndProject
Project("{2150E333-8FDC-42A3-9474-1A3956D46DE8}") = "Tests", "Tests", "{DC7E3216-0F7F-4BBD-8E6A-4B1A5F45098D}"
EndProject
Project("{9A19103F-16F7-4668-BE54-9A1E7A4F7556}") = "Domain", "Domain\Domain.csproj", "{B7C0941F-63BA-4773-9F75-E626DC694D57}"
EndProject
Project("{9A19103F-16F7-4668-BE54-9A1E7A4F7556}") = "Repositories", "Repositories\Repositories.csproj", "{A93C89F6-E284-415A-B5CC-3E0E1514FCF1}"
EndProject
Project("{9A19103F-16F7-4668-BE54-9A1E7A4F7556}") = "Infrastructure", "Infrastructure\Infrastructure.csproj", "{E3673832-C31A-49E3-9A1D-369F43506625}"
EndProject
Project("{9A19103F-16F7-4668-BE54-9A1E7A4F7556}") = "Types", "Enums\Types.csproj", "{B2B7D9AF-0FD8-4BF8-9FA8-CB823789F071}"
EndProject
Project("{9A19103F-16F7-4668-BE54-9A1E7A4F7556}") = "DTO", "DTO\DTO.csproj", "{C95F47BD-F4E9-44BB-95A0-D3A8C6423E34}"
EndProject
Project("{9A19103F-16F7-4668-BE54-9A1E7A4F7556}") = "UnitOfWork", "UnitOfWork\UnitOfWork.csproj", "{51580518-AD6A-4E46-A418-A33D5F515AC5}"
EndProject
Project("{9A19103F-16F7-4668-BE54-9A1E7A4F7556}") = "Interfaces", "Interfaces\Interfaces.csproj", "{7E414EC2-A714-4584-A68A-BEF9344A5E4D}"
EndProject
Project("{9A19103F-16F7-4668-BE54-9A1E7A4F7556}") = "WebSockets", "WebSockets\WebSockets.csproj", "{9931F1D2-4843-482B-B7C6-11BD6CDD2366}"
EndProject
Project("{9A19103F-16F7-4668-BE54-9A1E7A4F7556}") = "Unit.Tests", "Unit.Tests\Unit.Tests.csproj", "{7EC31667-2801-4364-BF6A-73D0750545E6}"
EndProject
Project("{9A19103F-16F7-4668-BE54-9A1E7A4F7556}") = "Integration.Tests", "Integration.Tests\Integration.Tests.csproj", "{7313DF88-58CC-4241-9605-10611ED147B4}"
EndProject
Project("{FAE04EC0-301F-11D3-BF4B-00C04F79EFBC}") = "TestConsoleApp", "TestConsoleApp\TestConsoleApp.csproj", "{7DE33191-E51A-4892-B1D0-66E68B1BDB76}"
EndProject
Global
	GlobalSection(SolutionConfigurationPlatforms) = preSolution
		Debug|Any CPU = Debug|Any CPU
		Release|Any CPU = Release|Any CPU
	EndGlobalSection
	GlobalSection(ProjectConfigurationPlatforms) = postSolution
		{7DB03171-6F3F-4473-B048-59B131659231}.Debug|Any CPU.ActiveCfg = Debug|Any CPU
		{7DB03171-6F3F-4473-B048-59B131659231}.Debug|Any CPU.Build.0 = Debug|Any CPU
		{7DB03171-6F3F-4473-B048-59B131659231}.Release|Any CPU.ActiveCfg = Release|Any CPU
		{7DB03171-6F3F-4473-B048-59B131659231}.Release|Any CPU.Build.0 = Release|Any CPU
		{B7C0941F-63BA-4773-9F75-E626DC694D57}.Debug|Any CPU.ActiveCfg = Debug|Any CPU
		{B7C0941F-63BA-4773-9F75-E626DC694D57}.Debug|Any CPU.Build.0 = Debug|Any CPU
		{B7C0941F-63BA-4773-9F75-E626DC694D57}.Release|Any CPU.ActiveCfg = Release|Any CPU
		{B7C0941F-63BA-4773-9F75-E626DC694D57}.Release|Any CPU.Build.0 = Release|Any CPU
		{A93C89F6-E284-415A-B5CC-3E0E1514FCF1}.Debug|Any CPU.ActiveCfg = Debug|Any CPU
		{A93C89F6-E284-415A-B5CC-3E0E1514FCF1}.Debug|Any CPU.Build.0 = Debug|Any CPU
		{A93C89F6-E284-415A-B5CC-3E0E1514FCF1}.Release|Any CPU.ActiveCfg = Release|Any CPU
		{A93C89F6-E284-415A-B5CC-3E0E1514FCF1}.Release|Any CPU.Build.0 = Release|Any CPU
		{E3673832-C31A-49E3-9A1D-369F43506625}.Debug|Any CPU.ActiveCfg = Debug|Any CPU
		{E3673832-C31A-49E3-9A1D-369F43506625}.Debug|Any CPU.Build.0 = Debug|Any CPU
		{E3673832-C31A-49E3-9A1D-369F43506625}.Release|Any CPU.ActiveCfg = Release|Any CPU
		{E3673832-C31A-49E3-9A1D-369F43506625}.Release|Any CPU.Build.0 = Release|Any CPU
		{B2B7D9AF-0FD8-4BF8-9FA8-CB823789F071}.Debug|Any CPU.ActiveCfg = Debug|Any CPU
		{B2B7D9AF-0FD8-4BF8-9FA8-CB823789F071}.Debug|Any CPU.Build.0 = Debug|Any CPU
		{B2B7D9AF-0FD8-4BF8-9FA8-CB823789F071}.Release|Any CPU.ActiveCfg = Release|Any CPU
		{B2B7D9AF-0FD8-4BF8-9FA8-CB823789F071}.Release|Any CPU.Build.0 = Release|Any CPU
		{C95F47BD-F4E9-44BB-95A0-D3A8C6423E34}.Debug|Any CPU.ActiveCfg = Debug|Any CPU
		{C95F47BD-F4E9-44BB-95A0-D3A8C6423E34}.Debug|Any CPU.Build.0 = Debug|Any CPU
		{C95F47BD-F4E9-44BB-95A0-D3A8C6423E34}.Release|Any CPU.ActiveCfg = Release|Any CPU
		{C95F47BD-F4E9-44BB-95A0-D3A8C6423E34}.Release|Any CPU.Build.0 = Release|Any CPU
		{51580518-AD6A-4E46-A418-A33D5F515AC5}.Debug|Any CPU.ActiveCfg = Debug|Any CPU
		{51580518-AD6A-4E46-A418-A33D5F515AC5}.Debug|Any CPU.Build.0 = Debug|Any CPU
		{51580518-AD6A-4E46-A418-A33D5F515AC5}.Release|Any CPU.ActiveCfg = Release|Any CPU
		{51580518-AD6A-4E46-A418-A33D5F515AC5}.Release|Any CPU.Build.0 = Release|Any CPU
		{7E414EC2-A714-4584-A68A-BEF9344A5E4D}.Debug|Any CPU.ActiveCfg = Debug|Any CPU
		{7E414EC2-A714-4584-A68A-BEF9344A5E4D}.Debug|Any CPU.Build.0 = Debug|Any CPU
		{7E414EC2-A714-4584-A68A-BEF9344A5E4D}.Release|Any CPU.ActiveCfg = Release|Any CPU
		{7E414EC2-A714-4584-A68A-BEF9344A5E4D}.Release|Any CPU.Build.0 = Release|Any CPU
		{9931F1D2-4843-482B-B7C6-11BD6CDD2366}.Debug|Any CPU.ActiveCfg = Debug|Any CPU
		{9931F1D2-4843-482B-B7C6-11BD6CDD2366}.Debug|Any CPU.Build.0 = Debug|Any CPU
		{9931F1D2-4843-482B-B7C6-11BD6CDD2366}.Release|Any CPU.ActiveCfg = Release|Any CPU
		{9931F1D2-4843-482B-B7C6-11BD6CDD2366}.Release|Any CPU.Build.0 = Release|Any CPU
		{7EC31667-2801-4364-BF6A-73D0750545E6}.Debug|Any CPU.ActiveCfg = Debug|Any CPU
		{7EC31667-2801-4364-BF6A-73D0750545E6}.Debug|Any CPU.Build.0 = Debug|Any CPU
		{7EC31667-2801-4364-BF6A-73D0750545E6}.Release|Any CPU.ActiveCfg = Release|Any CPU
		{7EC31667-2801-4364-BF6A-73D0750545E6}.Release|Any CPU.Build.0 = Release|Any CPU
		{7313DF88-58CC-4241-9605-10611ED147B4}.Debug|Any CPU.ActiveCfg = Debug|Any CPU
		{7313DF88-58CC-4241-9605-10611ED147B4}.Debug|Any CPU.Build.0 = Debug|Any CPU
		{7313DF88-58CC-4241-9605-10611ED147B4}.Release|Any CPU.ActiveCfg = Release|Any CPU
		{7313DF88-58CC-4241-9605-10611ED147B4}.Release|Any CPU.Build.0 = Release|Any CPU
		{7DE33191-E51A-4892-B1D0-66E68B1BDB76}.Debug|Any CPU.ActiveCfg = Debug|Any CPU
		{7DE33191-E51A-4892-B1D0-66E68B1BDB76}.Debug|Any CPU.Build.0 = Debug|Any CPU
		{7DE33191-E51A-4892-B1D0-66E68B1BDB76}.Release|Any CPU.ActiveCfg = Release|Any CPU
		{7DE33191-E51A-4892-B1D0-66E68B1BDB76}.Release|Any CPU.Build.0 = Release|Any CPU
	EndGlobalSection
	GlobalSection(SolutionProperties) = preSolution
		HideSolutionNode = FALSE
	EndGlobalSection
	GlobalSection(NestedProjects) = preSolution
		{7EC31667-2801-4364-BF6A-73D0750545E6} = {DC7E3216-0F7F-4BBD-8E6A-4B1A5F45098D}
		{7313DF88-58CC-4241-9605-10611ED147B4} = {DC7E3216-0F7F-4BBD-8E6A-4B1A5F45098D}
	EndGlobalSection
	GlobalSection(ExtensibilityGlobals) = postSolution
		SolutionGuid = {874BE364-0023-4799-A42E-32B59FF713D3}
	EndGlobalSection
EndGlobal
